
Microsoft Visual Studio Solution File, Format Version 12.00
# Visual Studio Version 16
VisualStudioVersion = 16.0.31105.61
MinimumVisualStudioVersion = 10.0.40219.1
Project("{9A19103F-16F7-4668-BE54-9A1E7A4F7556}") = "WebApp", "WebApp\WebApp.csproj", "{E2CA0011-DB03-455D-9EE5-C74D4542478B}"
EndProject
Project("{9A19103F-16F7-4668-BE54-9A1E7A4F7556}") = "DataAccess", "DataAccess\DataAccess.csproj", "{8F235969-665B-4B55-82F7-ABF0B962BAF8}"
EndProject
Project("{9A19103F-16F7-4668-BE54-9A1E7A4F7556}") = "Core", "Core\Core.csproj", "{98B927F8-B789-4E1A-8411-971F6062B182}"
EndProject
Project("{9A19103F-16F7-4668-BE54-9A1E7A4F7556}") = "Entities", "Entities\Entities.csproj", "{F5987F03-D890-4E05-AEAE-06B2D2D0EACF}"
EndProject
Global
	GlobalSection(SolutionConfigurationPlatforms) = preSolution
		Debug|Any CPU = Debug|Any CPU
		Release|Any CPU = Release|Any CPU
	EndGlobalSection
	GlobalSection(ProjectConfigurationPlatforms) = postSolution
		{E2CA0011-DB03-455D-9EE5-C74D4542478B}.Debug|Any CPU.ActiveCfg = Debug|Any CPU
		{E2CA0011-DB03-455D-9EE5-C74D4542478B}.Debug|Any CPU.Build.0 = Debug|Any CPU
		{E2CA0011-DB03-455D-9EE5-C74D4542478B}.Release|Any CPU.ActiveCfg = Release|Any CPU
		{E2CA0011-DB03-455D-9EE5-C74D4542478B}.Release|Any CPU.Build.0 = Release|Any CPU
		{8F235969-665B-4B55-82F7-ABF0B962BAF8}.Debug|Any CPU.ActiveCfg = Debug|Any CPU
		{8F235969-665B-4B55-82F7-ABF0B962BAF8}.Debug|Any CPU.Build.0 = Debug|Any CPU
		{8F235969-665B-4B55-82F7-ABF0B962BAF8}.Release|Any CPU.ActiveCfg = Release|Any CPU
		{8F235969-665B-4B55-82F7-ABF0B962BAF8}.Release|Any CPU.Build.0 = Release|Any CPU
		{98B927F8-B789-4E1A-8411-971F6062B182}.Debug|Any CPU.ActiveCfg = Debug|Any CPU
		{98B927F8-B789-4E1A-8411-971F6062B182}.Debug|Any CPU.Build.0 = Debug|Any CPU
		{98B927F8-B789-4E1A-8411-971F6062B182}.Release|Any CPU.ActiveCfg = Release|Any CPU
		{98B927F8-B789-4E1A-8411-971F6062B182}.Release|Any CPU.Build.0 = Release|Any CPU
		{F5987F03-D890-4E05-AEAE-06B2D2D0EACF}.Debug|Any CPU.ActiveCfg = Debug|Any CPU
		{F5987F03-D890-4E05-AEAE-06B2D2D0EACF}.Debug|Any CPU.Build.0 = Debug|Any CPU
		{F5987F03-D890-4E05-AEAE-06B2D2D0EACF}.Release|Any CPU.ActiveCfg = Release|Any CPU
		{F5987F03-D890-4E05-AEAE-06B2D2D0EACF}.Release|Any CPU.Build.0 = Release|Any CPU
	EndGlobalSection
	GlobalSection(SolutionProperties) = preSolution
		HideSolutionNode = FALSE
	EndGlobalSection
	GlobalSection(ExtensibilityGlobals) = postSolution
		SolutionGuid = {7633B63D-E515-46DF-8FA1-5B6C75722EE7}
	EndGlobalSection
EndGlobal
